// !$*UTF8*$!
{
	archiveVersion = 1;
	classes = {
	};
	objectVersion = 46;
	objects = {

/* Begin PBXBuildFile section */
		420D0B1A1EEEC8F6002A9C22 /* VirgilCrypto.framework in Frameworks */ = {isa = PBXBuildFile; fileRef = 420D0B181EEEC8F6002A9C22 /* VirgilCrypto.framework */; };
		420D0B1B1EEEC8F6002A9C22 /* VirgilSDK.framework in Frameworks */ = {isa = PBXBuildFile; fileRef = 420D0B191EEEC8F6002A9C22 /* VirgilSDK.framework */; };
		420D0B521EEFE050002A9C22 /* VirgilSDKPFS.h in Headers */ = {isa = PBXBuildFile; fileRef = 420D0B511EEFE050002A9C22 /* VirgilSDKPFS.h */; settings = {ATTRIBUTES = (Public, ); }; };
		420D0B591EEFE29A002A9C22 /* BootstrapCardsRequest.swift in Sources */ = {isa = PBXBuildFile; fileRef = 420D0B581EEFE29A002A9C22 /* BootstrapCardsRequest.swift */; };
		420D0B6C1EEFE3F5002A9C22 /* Deserializable.swift in Sources */ = {isa = PBXBuildFile; fileRef = 420D0B6B1EEFE3F5002A9C22 /* Deserializable.swift */; };
		420D0B6E1EEFE4BB002A9C22 /* Serializable.swift in Sources */ = {isa = PBXBuildFile; fileRef = 420D0B6D1EEFE4BB002A9C22 /* Serializable.swift */; };
		420D0B701EEFEC71002A9C22 /* BootstrapCardsResponse.swift in Sources */ = {isa = PBXBuildFile; fileRef = 420D0B6F1EEFEC71002A9C22 /* BootstrapCardsResponse.swift */; };
		420D0B741EEFEE74002A9C22 /* CreateLtcResponse.swift in Sources */ = {isa = PBXBuildFile; fileRef = 420D0B731EEFEE74002A9C22 /* CreateLtcResponse.swift */; };
		420D0B781EEFEEFF002A9C22 /* UploadOtcResponse.swift in Sources */ = {isa = PBXBuildFile; fileRef = 420D0B771EEFEEFF002A9C22 /* UploadOtcResponse.swift */; };
		420D0B7A1EEFEF77002A9C22 /* OtcCountResponse.swift in Sources */ = {isa = PBXBuildFile; fileRef = 420D0B791EEFEF77002A9C22 /* OtcCountResponse.swift */; };
		420D0B7C1EEFF068002A9C22 /* CredentialsResponse.swift in Sources */ = {isa = PBXBuildFile; fileRef = 420D0B7B1EEFF068002A9C22 /* CredentialsResponse.swift */; };
		420D0B831EF0086D002A9C22 /* PFSBaseHTTPRequest.swift in Sources */ = {isa = PBXBuildFile; fileRef = 420D0B821EF0086D002A9C22 /* PFSBaseHTTPRequest.swift */; };
		420D0B861EF008E4002A9C22 /* PFSError.swift in Sources */ = {isa = PBXBuildFile; fileRef = 420D0B851EF008E4002A9C22 /* PFSError.swift */; };
		420D0B8D1EF00F4D002A9C22 /* BootstrapCardsHTTPRequest.swift in Sources */ = {isa = PBXBuildFile; fileRef = 420D0B8C1EF00F4D002A9C22 /* BootstrapCardsHTTPRequest.swift */; };
		420D14E41EF28B33002A9C22 /* Client.swift in Sources */ = {isa = PBXBuildFile; fileRef = 420D14E31EF28B33002A9C22 /* Client.swift */; };
		420D14E81EF29BC2002A9C22 /* CreateLtcHTTPRequest.swift in Sources */ = {isa = PBXBuildFile; fileRef = 420D14E71EF29BC2002A9C22 /* CreateLtcHTTPRequest.swift */; };
		420D14EA1EF29C87002A9C22 /* UploadOtcHTTPRequest.swift in Sources */ = {isa = PBXBuildFile; fileRef = 420D14E91EF29C87002A9C22 /* UploadOtcHTTPRequest.swift */; };
		420D14EC1EF29CEB002A9C22 /* OtcCountHTTPRequest.swift in Sources */ = {isa = PBXBuildFile; fileRef = 420D14EB1EF29CEB002A9C22 /* OtcCountHTTPRequest.swift */; };
		420D14EE1EF29D4E002A9C22 /* CredentialsHTTPRequest.swift in Sources */ = {isa = PBXBuildFile; fileRef = 420D14ED1EF29D4E002A9C22 /* CredentialsHTTPRequest.swift */; };
		420D14F51EF2C6A0002A9C22 /* ServiceConfig.swift in Sources */ = {isa = PBXBuildFile; fileRef = 420D14F41EF2C6A0002A9C22 /* ServiceConfig.swift */; };
		420D14F71EF2CF6A002A9C22 /* EphemeralCardValidator.swift in Sources */ = {isa = PBXBuildFile; fileRef = 420D14F61EF2CF6A002A9C22 /* EphemeralCardValidator.swift */; };
		420D14FF1EF2DB6C002A9C22 /* VSPCreateEphemeralCardRequest.h in Headers */ = {isa = PBXBuildFile; fileRef = 420D14FD1EF2DB6C002A9C22 /* VSPCreateEphemeralCardRequest.h */; settings = {ATTRIBUTES = (Public, ); }; };
		420D15001EF2DB6C002A9C22 /* VSPCreateEphemeralCardRequest.m in Sources */ = {isa = PBXBuildFile; fileRef = 420D14FE1EF2DB6C002A9C22 /* VSPCreateEphemeralCardRequest.m */; };
		420D15181EF3FB10002A9C22 /* VirgilSDKPFS.framework in Frameworks */ = {isa = PBXBuildFile; fileRef = 420C52EA1EEEC3B7005DD456 /* VirgilSDKPFS.framework */; };
		420D15241EF3FBE8002A9C22 /* VSP001_ClientTests.m in Sources */ = {isa = PBXBuildFile; fileRef = 420D151E1EF3FBD9002A9C22 /* VSP001_ClientTests.m */; };
		420D15251EF3FBEE002A9C22 /* VSPTestsConst.m in Sources */ = {isa = PBXBuildFile; fileRef = 420D15201EF3FBD9002A9C22 /* VSPTestsConst.m */; };
		420D15261EF40B92002A9C22 /* VirgilCrypto.framework in Frameworks */ = {isa = PBXBuildFile; fileRef = 420D0B181EEEC8F6002A9C22 /* VirgilCrypto.framework */; };
		420D15271EF40B92002A9C22 /* VirgilSDK.framework in Frameworks */ = {isa = PBXBuildFile; fileRef = 420D0B191EEEC8F6002A9C22 /* VirgilSDK.framework */; };
		420D152C1EF40F4F002A9C22 /* VSPTestUtils.m in Sources */ = {isa = PBXBuildFile; fileRef = 420D152A1EF40F24002A9C22 /* VSPTestUtils.m */; };
		422CBCB71F3B17D3003D6932 /* Mutex.swift in Sources */ = {isa = PBXBuildFile; fileRef = 422CBCB61F3B17D3003D6932 /* Mutex.swift */; };
		422CBCBB1F3B3547003D6932 /* AsyncOperation.swift in Sources */ = {isa = PBXBuildFile; fileRef = 422CBCBA1F3B3547003D6932 /* AsyncOperation.swift */; };
		424A02021F3463CE00D17D0C /* main.m in Sources */ = {isa = PBXBuildFile; fileRef = 424A02011F3463CE00D17D0C /* main.m */; };
		424A02051F3463CE00D17D0C /* AppDelegate.m in Sources */ = {isa = PBXBuildFile; fileRef = 424A02041F3463CE00D17D0C /* AppDelegate.m */; };
		424A02081F3463CE00D17D0C /* ViewController.m in Sources */ = {isa = PBXBuildFile; fileRef = 424A02071F3463CE00D17D0C /* ViewController.m */; };
		424A020B1F3463CE00D17D0C /* Main.storyboard in Resources */ = {isa = PBXBuildFile; fileRef = 424A02091F3463CE00D17D0C /* Main.storyboard */; };
		424A020D1F3463CE00D17D0C /* Assets.xcassets in Resources */ = {isa = PBXBuildFile; fileRef = 424A020C1F3463CE00D17D0C /* Assets.xcassets */; };
		424A02101F3463CE00D17D0C /* LaunchScreen.storyboard in Resources */ = {isa = PBXBuildFile; fileRef = 424A020E1F3463CE00D17D0C /* LaunchScreen.storyboard */; };
		424A021C1F34642A00D17D0C /* VirgilSDKPFSAppTests.m in Sources */ = {isa = PBXBuildFile; fileRef = 424A021B1F34642A00D17D0C /* VirgilSDKPFSAppTests.m */; };
		424A02261F34643600D17D0C /* VSPTestsConst.m in Sources */ = {isa = PBXBuildFile; fileRef = 420D15201EF3FBD9002A9C22 /* VSPTestsConst.m */; };
		424A02271F34643600D17D0C /* VSPTestUtils.m in Sources */ = {isa = PBXBuildFile; fileRef = 420D152A1EF40F24002A9C22 /* VSPTestUtils.m */; };
		424A02281F34643600D17D0C /* VSP001_ClientTests.m in Sources */ = {isa = PBXBuildFile; fileRef = 420D151E1EF3FBD9002A9C22 /* VSP001_ClientTests.m */; };
		424A02291F34643600D17D0C /* VSP002_SecureChatTests.m in Sources */ = {isa = PBXBuildFile; fileRef = 425A024C1EFBF91700D9BBEF /* VSP002_SecureChatTests.m */; };
		424A022A1F34643600D17D0C /* VSP003_FingerprintTests.m in Sources */ = {isa = PBXBuildFile; fileRef = 429624181F15038900284665 /* VSP003_FingerprintTests.m */; };
		424A022C1F34654600D17D0C /* VirgilCrypto.framework in Frameworks */ = {isa = PBXBuildFile; fileRef = 420D0B181EEEC8F6002A9C22 /* VirgilCrypto.framework */; };
		424A022D1F34654600D17D0C /* VirgilSDK.framework in Frameworks */ = {isa = PBXBuildFile; fileRef = 420D0B191EEEC8F6002A9C22 /* VirgilSDK.framework */; };
		424A022E1F34658F00D17D0C /* VirgilCrypto.framework in Frameworks */ = {isa = PBXBuildFile; fileRef = 420D0B181EEEC8F6002A9C22 /* VirgilCrypto.framework */; };
		424A022F1F34658F00D17D0C /* VirgilSDK.framework in Frameworks */ = {isa = PBXBuildFile; fileRef = 420D0B191EEEC8F6002A9C22 /* VirgilSDK.framework */; };
		424A02331F3465A500D17D0C /* VirgilSDKPFS.framework in Frameworks */ = {isa = PBXBuildFile; fileRef = 420C52EA1EEEC3B7005DD456 /* VirgilSDKPFS.framework */; };
		424A02391F34664600D17D0C /* VirgilSDKPFS.framework in Frameworks */ = {isa = PBXBuildFile; fileRef = 420C52EA1EEEC3B7005DD456 /* VirgilSDKPFS.framework */; };
		424A023A1F34665B00D17D0C /* VirgilSDKPFS.framework in CopyFiles */ = {isa = PBXBuildFile; fileRef = 420C52EA1EEEC3B7005DD456 /* VirgilSDKPFS.framework */; settings = {ATTRIBUTES = (CodeSignOnCopy, RemoveHeadersOnCopy, ); }; };
		425A02341EF93B3900D9BBEF /* SecureChatPreferences.swift in Sources */ = {isa = PBXBuildFile; fileRef = 425A02331EF93B3900D9BBEF /* SecureChatPreferences.swift */; };
		425A02381EF9416C00D9BBEF /* SecureChat.swift in Sources */ = {isa = PBXBuildFile; fileRef = 425A02371EF9416C00D9BBEF /* SecureChat.swift */; };
		425A023B1EF974DD00D9BBEF /* InitiationMessage.swift in Sources */ = {isa = PBXBuildFile; fileRef = 425A023A1EF974DD00D9BBEF /* InitiationMessage.swift */; };
		425A024B1EFBF10F00D9BBEF /* Message.swift in Sources */ = {isa = PBXBuildFile; fileRef = 425A024A1EFBF10F00D9BBEF /* Message.swift */; };
		425A024E1EFBF91A00D9BBEF /* VSP002_SecureChatTests.m in Sources */ = {isa = PBXBuildFile; fileRef = 425A024C1EFBF91700D9BBEF /* VSP002_SecureChatTests.m */; };
		425A02591EFD17A600D9BBEF /* SessionState.swift in Sources */ = {isa = PBXBuildFile; fileRef = 425A02581EFD17A600D9BBEF /* SessionState.swift */; };
		425A025B1F0504BB00D9BBEF /* Client+Validation.swift in Sources */ = {isa = PBXBuildFile; fileRef = 425A025A1F0504BB00D9BBEF /* Client+Validation.swift */; };
		425A025D1F05053600D9BBEF /* ValidateOTCRequest.swift in Sources */ = {isa = PBXBuildFile; fileRef = 425A025C1F05053600D9BBEF /* ValidateOTCRequest.swift */; };
		425A025F1F05055D00D9BBEF /* ValidateOTCHTTPRequest.swift in Sources */ = {isa = PBXBuildFile; fileRef = 425A025E1F05055D00D9BBEF /* ValidateOTCHTTPRequest.swift */; };
		425A02611F05057D00D9BBEF /* ValidateOTCResponse.swift in Sources */ = {isa = PBXBuildFile; fileRef = 425A02601F05057D00D9BBEF /* ValidateOTCResponse.swift */; };
		425E082A1EF8077E00A74C29 /* Client+CreatingCards.swift in Sources */ = {isa = PBXBuildFile; fileRef = 425E08291EF8077E00A74C29 /* Client+CreatingCards.swift */; };
		425E082C1EF8081800A74C29 /* Client+GetCredentials.swift in Sources */ = {isa = PBXBuildFile; fileRef = 425E082B1EF8081800A74C29 /* Client+GetCredentials.swift */; };
		425E082E1EF8231900A74C29 /* RecipientCardsSet.swift in Sources */ = {isa = PBXBuildFile; fileRef = 425E082D1EF8231900A74C29 /* RecipientCardsSet.swift */; };
		425E08301EF8248500A74C29 /* Client+Info.swift in Sources */ = {isa = PBXBuildFile; fileRef = 425E082F1EF8248500A74C29 /* Client+Info.swift */; };
		425E08321EF824E300A74C29 /* CardsStatus.swift in Sources */ = {isa = PBXBuildFile; fileRef = 425E08311EF824E300A74C29 /* CardsStatus.swift */; };
		425E08341EF9255F00A74C29 /* CredentialsRequest.swift in Sources */ = {isa = PBXBuildFile; fileRef = 425E08331EF9255F00A74C29 /* CredentialsRequest.swift */; };
		429123931F4C6D5800103BE0 /* TestConfig.plist in Resources */ = {isa = PBXBuildFile; fileRef = 4291238D1F4C6A9900103BE0 /* TestConfig.plist */; };
		429123A31F4CE0AE00103BE0 /* OtcExhaustInfo.swift in Sources */ = {isa = PBXBuildFile; fileRef = 429123A21F4CE0AE00103BE0 /* OtcExhaustInfo.swift */; };
		429123A91F4CE96000103BE0 /* Dictionary+Pairs.swift in Sources */ = {isa = PBXBuildFile; fileRef = 429123A81F4CE96000103BE0 /* Dictionary+Pairs.swift */; };
		429123CA1F4D7C2C00103BE0 /* InsensitiveDataStorage.swift in Sources */ = {isa = PBXBuildFile; fileRef = 429123B71F4D7C2C00103BE0 /* InsensitiveDataStorage.swift */; };
		429123CC1F4D7C2C00103BE0 /* UserDefaultsDataStorage.swift in Sources */ = {isa = PBXBuildFile; fileRef = 429123B91F4D7C2C00103BE0 /* UserDefaultsDataStorage.swift */; };
		429123CE1F4D7C2C00103BE0 /* KeychainKeyStorage.swift in Sources */ = {isa = PBXBuildFile; fileRef = 429123BC1F4D7C2C00103BE0 /* KeychainKeyStorage.swift */; };
		429123CF1F4D7C2C00103BE0 /* KeyEntry.swift in Sources */ = {isa = PBXBuildFile; fileRef = 429123BD1F4D7C2C00103BE0 /* KeyEntry.swift */; };
		429123D01F4D7C2C00103BE0 /* KeyStorage.swift in Sources */ = {isa = PBXBuildFile; fileRef = 429123BE1F4D7C2C00103BE0 /* KeyStorage.swift */; };
		429123D51F4D7C2C00103BE0 /* SecureSession.swift in Sources */ = {isa = PBXBuildFile; fileRef = 429123C51F4D7C2C00103BE0 /* SecureSession.swift */; };
		429123D71F4D7C2C00103BE0 /* SecureSessionErrorCode.swift in Sources */ = {isa = PBXBuildFile; fileRef = 429123C71F4D7C2C00103BE0 /* SecureSessionErrorCode.swift */; };
		429123DB1F4D7C3E00103BE0 /* KeyAttrs.swift in Sources */ = {isa = PBXBuildFile; fileRef = 429123DA1F4D7C3E00103BE0 /* KeyAttrs.swift */; };
		429123DF1F4DAA7F00103BE0 /* Log.swift in Sources */ = {isa = PBXBuildFile; fileRef = 429123DE1F4DAA7F00103BE0 /* Log.swift */; };
		429123E11F4DAB6B00103BE0 /* KeysRotator.swift in Sources */ = {isa = PBXBuildFile; fileRef = 429123E01F4DAB6B00103BE0 /* KeysRotator.swift */; };
		429123E31F4DD3EE00103BE0 /* Sequence+Split.swift in Sources */ = {isa = PBXBuildFile; fileRef = 429123E21F4DD3EE00103BE0 /* Sequence+Split.swift */; };
		429123E51F4F9BE800103BE0 /* SessionInitializer.swift in Sources */ = {isa = PBXBuildFile; fileRef = 429123E41F4F9BE800103BE0 /* SessionInitializer.swift */; };
		429123E81F5068C500103BE0 /* VSP004_SessionStorageManagerTests.swift in Sources */ = {isa = PBXBuildFile; fileRef = 429123E61F5068B200103BE0 /* VSP004_SessionStorageManagerTests.swift */; };
		429123EA1F50776E00103BE0 /* SesssionManager.swift in Sources */ = {isa = PBXBuildFile; fileRef = 429123E91F50776E00103BE0 /* SesssionManager.swift */; };
		429123EC1F507DF500103BE0 /* CardEntry.swift in Sources */ = {isa = PBXBuildFile; fileRef = 429123EB1F507DF500103BE0 /* CardEntry.swift */; };
		429123F11F5090B700103BE0 /* EphemeralCardsReplenisher.swift in Sources */ = {isa = PBXBuildFile; fileRef = 429123ED1F5090B700103BE0 /* EphemeralCardsReplenisher.swift */; };
		429123F21F5090B700103BE0 /* ExhaustInfoManager.swift in Sources */ = {isa = PBXBuildFile; fileRef = 429123EE1F5090B700103BE0 /* ExhaustInfoManager.swift */; };
		429123F31F5090B700103BE0 /* KeyStorageManager.swift in Sources */ = {isa = PBXBuildFile; fileRef = 429123EF1F5090B700103BE0 /* KeyStorageManager.swift */; };
		429123F41F5090B700103BE0 /* SessionStorageManager.swift in Sources */ = {isa = PBXBuildFile; fileRef = 429123F01F5090B700103BE0 /* SessionStorageManager.swift */; };
		429123F51F521F2C00103BE0 /* VSP004_SessionStorageManagerTests.swift in Sources */ = {isa = PBXBuildFile; fileRef = 429123E61F5068B200103BE0 /* VSP004_SessionStorageManagerTests.swift */; };
		429123FC1F5226FB00103BE0 /* VSP005_ExhaustInfoManagerTests.swift in Sources */ = {isa = PBXBuildFile; fileRef = 429123FA1F5226F700103BE0 /* VSP005_ExhaustInfoManagerTests.swift */; };
		429123FD1F5226FC00103BE0 /* VSP005_ExhaustInfoManagerTests.swift in Sources */ = {isa = PBXBuildFile; fileRef = 429123FA1F5226F700103BE0 /* VSP005_ExhaustInfoManagerTests.swift */; };
		429124001F5228A200103BE0 /* VSP006_KeyStorageManagerTests.swift in Sources */ = {isa = PBXBuildFile; fileRef = 429123FE1F52289300103BE0 /* VSP006_KeyStorageManagerTests.swift */; };
		429124011F5228A300103BE0 /* VSP006_KeyStorageManagerTests.swift in Sources */ = {isa = PBXBuildFile; fileRef = 429123FE1F52289300103BE0 /* VSP006_KeyStorageManagerTests.swift */; };
		429623E81F13BD3600284665 /* Fingerprint.swift in Sources */ = {isa = PBXBuildFile; fileRef = 429623E71F13BD3600284665 /* Fingerprint.swift */; };
		4296241A1F1503A500284665 /* VSP003_FingerprintTests.m in Sources */ = {isa = PBXBuildFile; fileRef = 429624181F15038900284665 /* VSP003_FingerprintTests.m */; };
		42E37B7D1F235AA100D2097F /* SecureChat+MessageType.swift in Sources */ = {isa = PBXBuildFile; fileRef = 42E37B7C1F235AA100D2097F /* SecureChat+MessageType.swift */; };
		42E37B7F1F235AD500D2097F /* SecureChatErrorCode.swift in Sources */ = {isa = PBXBuildFile; fileRef = 42E37B7E1F235AD500D2097F /* SecureChatErrorCode.swift */; };
/* End PBXBuildFile section */

/* Begin PBXContainerItemProxy section */
		420D15191EF3FB10002A9C22 /* PBXContainerItemProxy */ = {
			isa = PBXContainerItemProxy;
			containerPortal = 420C52E11EEEC3B7005DD456 /* Project object */;
			proxyType = 1;
			remoteGlobalIDString = 420C52E91EEEC3B7005DD456;
			remoteInfo = "VirgilSDKPFS iOS";
		};
		424A021F1F34642A00D17D0C /* PBXContainerItemProxy */ = {
			isa = PBXContainerItemProxy;
			containerPortal = 420C52E11EEEC3B7005DD456 /* Project object */;
			proxyType = 1;
			remoteGlobalIDString = 420C52E91EEEC3B7005DD456;
			remoteInfo = "VirgilSDKPFS iOS";
		};
		424A02241F34642E00D17D0C /* PBXContainerItemProxy */ = {
			isa = PBXContainerItemProxy;
			containerPortal = 420C52E11EEEC3B7005DD456 /* Project object */;
			proxyType = 1;
			remoteGlobalIDString = 424A01FD1F3463CE00D17D0C;
			remoteInfo = TestApp;
		};
		424A02371F34663F00D17D0C /* PBXContainerItemProxy */ = {
			isa = PBXContainerItemProxy;
			containerPortal = 420C52E11EEEC3B7005DD456 /* Project object */;
			proxyType = 1;
			remoteGlobalIDString = 420C52E91EEEC3B7005DD456;
			remoteInfo = "VirgilSDKPFS iOS";
		};
/* End PBXContainerItemProxy section */

/* Begin PBXCopyFilesBuildPhase section */
		424A02351F34662100D17D0C /* CopyFiles */ = {
			isa = PBXCopyFilesBuildPhase;
			buildActionMask = 2147483647;
			dstPath = "";
			dstSubfolderSpec = 10;
			files = (
				424A023A1F34665B00D17D0C /* VirgilSDKPFS.framework in CopyFiles */,
			);
			runOnlyForDeploymentPostprocessing = 0;
		};
/* End PBXCopyFilesBuildPhase section */

/* Begin PBXFileReference section */
		420C52EA1EEEC3B7005DD456 /* VirgilSDKPFS.framework */ = {isa = PBXFileReference; explicitFileType = wrapper.framework; includeInIndex = 0; path = VirgilSDKPFS.framework; sourceTree = BUILT_PRODUCTS_DIR; };
		420C52EE1EEEC3B7005DD456 /* Info.plist */ = {isa = PBXFileReference; lastKnownFileType = text.plist.xml; path = Info.plist; sourceTree = "<group>"; };
		420D0B181EEEC8F6002A9C22 /* VirgilCrypto.framework */ = {isa = PBXFileReference; lastKnownFileType = wrapper.framework; name = VirgilCrypto.framework; path = Carthage/Build/iOS/VirgilCrypto.framework; sourceTree = "<group>"; };
		420D0B191EEEC8F6002A9C22 /* VirgilSDK.framework */ = {isa = PBXFileReference; lastKnownFileType = wrapper.framework; name = VirgilSDK.framework; path = Carthage/Build/iOS/VirgilSDK.framework; sourceTree = "<group>"; };
		420D0B511EEFE050002A9C22 /* VirgilSDKPFS.h */ = {isa = PBXFileReference; fileEncoding = 4; lastKnownFileType = sourcecode.c.h; path = VirgilSDKPFS.h; sourceTree = "<group>"; };
		420D0B581EEFE29A002A9C22 /* BootstrapCardsRequest.swift */ = {isa = PBXFileReference; fileEncoding = 4; lastKnownFileType = sourcecode.swift; path = BootstrapCardsRequest.swift; sourceTree = "<group>"; };
		420D0B6B1EEFE3F5002A9C22 /* Deserializable.swift */ = {isa = PBXFileReference; fileEncoding = 4; lastKnownFileType = sourcecode.swift; path = Deserializable.swift; sourceTree = "<group>"; };
		420D0B6D1EEFE4BB002A9C22 /* Serializable.swift */ = {isa = PBXFileReference; fileEncoding = 4; lastKnownFileType = sourcecode.swift; path = Serializable.swift; sourceTree = "<group>"; };
		420D0B6F1EEFEC71002A9C22 /* BootstrapCardsResponse.swift */ = {isa = PBXFileReference; fileEncoding = 4; lastKnownFileType = sourcecode.swift; path = BootstrapCardsResponse.swift; sourceTree = "<group>"; };
		420D0B731EEFEE74002A9C22 /* CreateLtcResponse.swift */ = {isa = PBXFileReference; fileEncoding = 4; lastKnownFileType = sourcecode.swift; path = CreateLtcResponse.swift; sourceTree = "<group>"; };
		420D0B771EEFEEFF002A9C22 /* UploadOtcResponse.swift */ = {isa = PBXFileReference; fileEncoding = 4; lastKnownFileType = sourcecode.swift; path = UploadOtcResponse.swift; sourceTree = "<group>"; };
		420D0B791EEFEF77002A9C22 /* OtcCountResponse.swift */ = {isa = PBXFileReference; fileEncoding = 4; lastKnownFileType = sourcecode.swift; path = OtcCountResponse.swift; sourceTree = "<group>"; };
		420D0B7B1EEFF068002A9C22 /* CredentialsResponse.swift */ = {isa = PBXFileReference; fileEncoding = 4; lastKnownFileType = sourcecode.swift; path = CredentialsResponse.swift; sourceTree = "<group>"; };
		420D0B821EF0086D002A9C22 /* PFSBaseHTTPRequest.swift */ = {isa = PBXFileReference; fileEncoding = 4; lastKnownFileType = sourcecode.swift; path = PFSBaseHTTPRequest.swift; sourceTree = "<group>"; };
		420D0B851EF008E4002A9C22 /* PFSError.swift */ = {isa = PBXFileReference; fileEncoding = 4; lastKnownFileType = sourcecode.swift; path = PFSError.swift; sourceTree = "<group>"; };
		420D0B8C1EF00F4D002A9C22 /* BootstrapCardsHTTPRequest.swift */ = {isa = PBXFileReference; fileEncoding = 4; lastKnownFileType = sourcecode.swift; path = BootstrapCardsHTTPRequest.swift; sourceTree = "<group>"; };
		420D14E31EF28B33002A9C22 /* Client.swift */ = {isa = PBXFileReference; fileEncoding = 4; lastKnownFileType = sourcecode.swift; path = Client.swift; sourceTree = "<group>"; };
		420D14E71EF29BC2002A9C22 /* CreateLtcHTTPRequest.swift */ = {isa = PBXFileReference; fileEncoding = 4; lastKnownFileType = sourcecode.swift; path = CreateLtcHTTPRequest.swift; sourceTree = "<group>"; };
		420D14E91EF29C87002A9C22 /* UploadOtcHTTPRequest.swift */ = {isa = PBXFileReference; fileEncoding = 4; lastKnownFileType = sourcecode.swift; path = UploadOtcHTTPRequest.swift; sourceTree = "<group>"; };
		420D14EB1EF29CEB002A9C22 /* OtcCountHTTPRequest.swift */ = {isa = PBXFileReference; fileEncoding = 4; lastKnownFileType = sourcecode.swift; path = OtcCountHTTPRequest.swift; sourceTree = "<group>"; };
		420D14ED1EF29D4E002A9C22 /* CredentialsHTTPRequest.swift */ = {isa = PBXFileReference; fileEncoding = 4; lastKnownFileType = sourcecode.swift; path = CredentialsHTTPRequest.swift; sourceTree = "<group>"; };
		420D14F41EF2C6A0002A9C22 /* ServiceConfig.swift */ = {isa = PBXFileReference; fileEncoding = 4; lastKnownFileType = sourcecode.swift; name = ServiceConfig.swift; path = Source/Client/ServiceConfig.swift; sourceTree = SOURCE_ROOT; };
		420D14F61EF2CF6A002A9C22 /* EphemeralCardValidator.swift */ = {isa = PBXFileReference; fileEncoding = 4; lastKnownFileType = sourcecode.swift; path = EphemeralCardValidator.swift; sourceTree = "<group>"; };
		420D14FD1EF2DB6C002A9C22 /* VSPCreateEphemeralCardRequest.h */ = {isa = PBXFileReference; fileEncoding = 4; lastKnownFileType = sourcecode.c.h; path = VSPCreateEphemeralCardRequest.h; sourceTree = "<group>"; };
		420D14FE1EF2DB6C002A9C22 /* VSPCreateEphemeralCardRequest.m */ = {isa = PBXFileReference; fileEncoding = 4; lastKnownFileType = sourcecode.c.objc; path = VSPCreateEphemeralCardRequest.m; sourceTree = "<group>"; };
		420D15131EF3FB10002A9C22 /* VirgilSDKPFS iOS Tests.xctest */ = {isa = PBXFileReference; explicitFileType = wrapper.cfbundle; includeInIndex = 0; path = "VirgilSDKPFS iOS Tests.xctest"; sourceTree = BUILT_PRODUCTS_DIR; };
		420D151E1EF3FBD9002A9C22 /* VSP001_ClientTests.m */ = {isa = PBXFileReference; fileEncoding = 4; lastKnownFileType = sourcecode.c.objc; path = VSP001_ClientTests.m; sourceTree = "<group>"; };
		420D151F1EF3FBD9002A9C22 /* VSPTestsConst.h */ = {isa = PBXFileReference; fileEncoding = 4; lastKnownFileType = sourcecode.c.h; path = VSPTestsConst.h; sourceTree = "<group>"; };
		420D15201EF3FBD9002A9C22 /* VSPTestsConst.m */ = {isa = PBXFileReference; fileEncoding = 4; lastKnownFileType = sourcecode.c.objc; path = VSPTestsConst.m; sourceTree = "<group>"; };
		420D15291EF40F1B002A9C22 /* VSPTestUtils.h */ = {isa = PBXFileReference; lastKnownFileType = sourcecode.c.h; path = VSPTestUtils.h; sourceTree = "<group>"; };
		420D152A1EF40F24002A9C22 /* VSPTestUtils.m */ = {isa = PBXFileReference; fileEncoding = 4; lastKnownFileType = sourcecode.c.objc; path = VSPTestUtils.m; sourceTree = "<group>"; };
		422CBCB61F3B17D3003D6932 /* Mutex.swift */ = {isa = PBXFileReference; fileEncoding = 4; lastKnownFileType = sourcecode.swift; path = Mutex.swift; sourceTree = "<group>"; };
		422CBCBA1F3B3547003D6932 /* AsyncOperation.swift */ = {isa = PBXFileReference; fileEncoding = 4; lastKnownFileType = sourcecode.swift; path = AsyncOperation.swift; sourceTree = "<group>"; };
		424A01FE1F3463CE00D17D0C /* TestApp.app */ = {isa = PBXFileReference; explicitFileType = wrapper.application; includeInIndex = 0; path = TestApp.app; sourceTree = BUILT_PRODUCTS_DIR; };
		424A02011F3463CE00D17D0C /* main.m */ = {isa = PBXFileReference; lastKnownFileType = sourcecode.c.objc; path = main.m; sourceTree = "<group>"; };
		424A02031F3463CE00D17D0C /* AppDelegate.h */ = {isa = PBXFileReference; lastKnownFileType = sourcecode.c.h; path = AppDelegate.h; sourceTree = "<group>"; };
		424A02041F3463CE00D17D0C /* AppDelegate.m */ = {isa = PBXFileReference; lastKnownFileType = sourcecode.c.objc; path = AppDelegate.m; sourceTree = "<group>"; };
		424A02061F3463CE00D17D0C /* ViewController.h */ = {isa = PBXFileReference; lastKnownFileType = sourcecode.c.h; path = ViewController.h; sourceTree = "<group>"; };
		424A02071F3463CE00D17D0C /* ViewController.m */ = {isa = PBXFileReference; lastKnownFileType = sourcecode.c.objc; path = ViewController.m; sourceTree = "<group>"; };
		424A020A1F3463CE00D17D0C /* Base */ = {isa = PBXFileReference; lastKnownFileType = file.storyboard; name = Base; path = Base.lproj/Main.storyboard; sourceTree = "<group>"; };
		424A020C1F3463CE00D17D0C /* Assets.xcassets */ = {isa = PBXFileReference; lastKnownFileType = folder.assetcatalog; path = Assets.xcassets; sourceTree = "<group>"; };
		424A020F1F3463CE00D17D0C /* Base */ = {isa = PBXFileReference; lastKnownFileType = file.storyboard; name = Base; path = Base.lproj/LaunchScreen.storyboard; sourceTree = "<group>"; };
		424A02111F3463CE00D17D0C /* Info.plist */ = {isa = PBXFileReference; lastKnownFileType = text.plist.xml; path = Info.plist; sourceTree = "<group>"; };
		424A02191F34642A00D17D0C /* VirgilSDKPFSAppTests.xctest */ = {isa = PBXFileReference; explicitFileType = wrapper.cfbundle; includeInIndex = 0; path = VirgilSDKPFSAppTests.xctest; sourceTree = BUILT_PRODUCTS_DIR; };
		424A021B1F34642A00D17D0C /* VirgilSDKPFSAppTests.m */ = {isa = PBXFileReference; lastKnownFileType = sourcecode.c.objc; path = VirgilSDKPFSAppTests.m; sourceTree = "<group>"; };
		424A021D1F34642A00D17D0C /* Info.plist */ = {isa = PBXFileReference; lastKnownFileType = text.plist.xml; path = Info.plist; sourceTree = "<group>"; };
		424A02301F34658F00D17D0C /* VirgilSDKPFS.framework */ = {isa = PBXFileReference; lastKnownFileType = wrapper.framework; name = VirgilSDKPFS.framework; path = Carthage/Build/iOS/VirgilSDKPFS.framework; sourceTree = "<group>"; };
		425A02331EF93B3900D9BBEF /* SecureChatPreferences.swift */ = {isa = PBXFileReference; fileEncoding = 4; lastKnownFileType = sourcecode.swift; path = SecureChatPreferences.swift; sourceTree = "<group>"; };
		425A02371EF9416C00D9BBEF /* SecureChat.swift */ = {isa = PBXFileReference; fileEncoding = 4; lastKnownFileType = sourcecode.swift; path = SecureChat.swift; sourceTree = "<group>"; };
		425A023A1EF974DD00D9BBEF /* InitiationMessage.swift */ = {isa = PBXFileReference; fileEncoding = 4; lastKnownFileType = sourcecode.swift; path = InitiationMessage.swift; sourceTree = "<group>"; };
		425A024A1EFBF10F00D9BBEF /* Message.swift */ = {isa = PBXFileReference; fileEncoding = 4; lastKnownFileType = sourcecode.swift; path = Message.swift; sourceTree = "<group>"; };
		425A024C1EFBF91700D9BBEF /* VSP002_SecureChatTests.m */ = {isa = PBXFileReference; fileEncoding = 4; lastKnownFileType = sourcecode.c.objc; path = VSP002_SecureChatTests.m; sourceTree = "<group>"; };
		425A02581EFD17A600D9BBEF /* SessionState.swift */ = {isa = PBXFileReference; fileEncoding = 4; lastKnownFileType = sourcecode.swift; path = SessionState.swift; sourceTree = "<group>"; };
		425A025A1F0504BB00D9BBEF /* Client+Validation.swift */ = {isa = PBXFileReference; fileEncoding = 4; lastKnownFileType = sourcecode.swift; path = "Client+Validation.swift"; sourceTree = "<group>"; };
		425A025C1F05053600D9BBEF /* ValidateOTCRequest.swift */ = {isa = PBXFileReference; fileEncoding = 4; lastKnownFileType = sourcecode.swift; path = ValidateOTCRequest.swift; sourceTree = "<group>"; };
		425A025E1F05055D00D9BBEF /* ValidateOTCHTTPRequest.swift */ = {isa = PBXFileReference; fileEncoding = 4; lastKnownFileType = sourcecode.swift; path = ValidateOTCHTTPRequest.swift; sourceTree = "<group>"; };
		425A02601F05057D00D9BBEF /* ValidateOTCResponse.swift */ = {isa = PBXFileReference; fileEncoding = 4; lastKnownFileType = sourcecode.swift; path = ValidateOTCResponse.swift; sourceTree = "<group>"; };
		425E08291EF8077E00A74C29 /* Client+CreatingCards.swift */ = {isa = PBXFileReference; fileEncoding = 4; lastKnownFileType = sourcecode.swift; path = "Client+CreatingCards.swift"; sourceTree = "<group>"; };
		425E082B1EF8081800A74C29 /* Client+GetCredentials.swift */ = {isa = PBXFileReference; fileEncoding = 4; lastKnownFileType = sourcecode.swift; path = "Client+GetCredentials.swift"; sourceTree = "<group>"; };
		425E082D1EF8231900A74C29 /* RecipientCardsSet.swift */ = {isa = PBXFileReference; fileEncoding = 4; lastKnownFileType = sourcecode.swift; path = RecipientCardsSet.swift; sourceTree = "<group>"; };
		425E082F1EF8248500A74C29 /* Client+Info.swift */ = {isa = PBXFileReference; fileEncoding = 4; lastKnownFileType = sourcecode.swift; path = "Client+Info.swift"; sourceTree = "<group>"; };
		425E08311EF824E300A74C29 /* CardsStatus.swift */ = {isa = PBXFileReference; fileEncoding = 4; lastKnownFileType = sourcecode.swift; path = CardsStatus.swift; sourceTree = "<group>"; };
		425E08331EF9255F00A74C29 /* CredentialsRequest.swift */ = {isa = PBXFileReference; fileEncoding = 4; lastKnownFileType = sourcecode.swift; path = CredentialsRequest.swift; sourceTree = "<group>"; };
		4291238D1F4C6A9900103BE0 /* TestConfig.plist */ = {isa = PBXFileReference; fileEncoding = 4; lastKnownFileType = text.plist.xml; path = TestConfig.plist; sourceTree = "<group>"; };
		429123A21F4CE0AE00103BE0 /* OtcExhaustInfo.swift */ = {isa = PBXFileReference; fileEncoding = 4; lastKnownFileType = sourcecode.swift; path = OtcExhaustInfo.swift; sourceTree = "<group>"; };
		429123A81F4CE96000103BE0 /* Dictionary+Pairs.swift */ = {isa = PBXFileReference; fileEncoding = 4; lastKnownFileType = sourcecode.swift; path = "Dictionary+Pairs.swift"; sourceTree = "<group>"; };
		429123B71F4D7C2C00103BE0 /* InsensitiveDataStorage.swift */ = {isa = PBXFileReference; fileEncoding = 4; lastKnownFileType = sourcecode.swift; path = InsensitiveDataStorage.swift; sourceTree = "<group>"; };
		429123B91F4D7C2C00103BE0 /* UserDefaultsDataStorage.swift */ = {isa = PBXFileReference; fileEncoding = 4; lastKnownFileType = sourcecode.swift; path = UserDefaultsDataStorage.swift; sourceTree = "<group>"; };
		429123BC1F4D7C2C00103BE0 /* KeychainKeyStorage.swift */ = {isa = PBXFileReference; fileEncoding = 4; lastKnownFileType = sourcecode.swift; path = KeychainKeyStorage.swift; sourceTree = "<group>"; };
		429123BD1F4D7C2C00103BE0 /* KeyEntry.swift */ = {isa = PBXFileReference; fileEncoding = 4; lastKnownFileType = sourcecode.swift; path = KeyEntry.swift; sourceTree = "<group>"; };
		429123BE1F4D7C2C00103BE0 /* KeyStorage.swift */ = {isa = PBXFileReference; fileEncoding = 4; lastKnownFileType = sourcecode.swift; path = KeyStorage.swift; sourceTree = "<group>"; };
		429123C51F4D7C2C00103BE0 /* SecureSession.swift */ = {isa = PBXFileReference; fileEncoding = 4; lastKnownFileType = sourcecode.swift; path = SecureSession.swift; sourceTree = "<group>"; };
		429123C71F4D7C2C00103BE0 /* SecureSessionErrorCode.swift */ = {isa = PBXFileReference; fileEncoding = 4; lastKnownFileType = sourcecode.swift; path = SecureSessionErrorCode.swift; sourceTree = "<group>"; };
		429123DA1F4D7C3E00103BE0 /* KeyAttrs.swift */ = {isa = PBXFileReference; fileEncoding = 4; lastKnownFileType = sourcecode.swift; path = KeyAttrs.swift; sourceTree = "<group>"; };
		429123DE1F4DAA7F00103BE0 /* Log.swift */ = {isa = PBXFileReference; fileEncoding = 4; lastKnownFileType = sourcecode.swift; path = Log.swift; sourceTree = "<group>"; };
		429123E01F4DAB6B00103BE0 /* KeysRotator.swift */ = {isa = PBXFileReference; fileEncoding = 4; lastKnownFileType = sourcecode.swift; path = KeysRotator.swift; sourceTree = "<group>"; };
		429123E21F4DD3EE00103BE0 /* Sequence+Split.swift */ = {isa = PBXFileReference; fileEncoding = 4; lastKnownFileType = sourcecode.swift; path = "Sequence+Split.swift"; sourceTree = "<group>"; };
		429123E41F4F9BE800103BE0 /* SessionInitializer.swift */ = {isa = PBXFileReference; fileEncoding = 4; lastKnownFileType = sourcecode.swift; path = SessionInitializer.swift; sourceTree = "<group>"; };
		429123E61F5068B200103BE0 /* VSP004_SessionStorageManagerTests.swift */ = {isa = PBXFileReference; fileEncoding = 4; lastKnownFileType = sourcecode.swift; path = VSP004_SessionStorageManagerTests.swift; sourceTree = "<group>"; };
		429123E91F50776E00103BE0 /* SesssionManager.swift */ = {isa = PBXFileReference; fileEncoding = 4; lastKnownFileType = sourcecode.swift; path = SesssionManager.swift; sourceTree = "<group>"; };
		429123EB1F507DF500103BE0 /* CardEntry.swift */ = {isa = PBXFileReference; fileEncoding = 4; lastKnownFileType = sourcecode.swift; path = CardEntry.swift; sourceTree = "<group>"; };
		429123ED1F5090B700103BE0 /* EphemeralCardsReplenisher.swift */ = {isa = PBXFileReference; fileEncoding = 4; lastKnownFileType = sourcecode.swift; path = EphemeralCardsReplenisher.swift; sourceTree = "<group>"; };
		429123EE1F5090B700103BE0 /* ExhaustInfoManager.swift */ = {isa = PBXFileReference; fileEncoding = 4; lastKnownFileType = sourcecode.swift; path = ExhaustInfoManager.swift; sourceTree = "<group>"; };
		429123EF1F5090B700103BE0 /* KeyStorageManager.swift */ = {isa = PBXFileReference; fileEncoding = 4; lastKnownFileType = sourcecode.swift; path = KeyStorageManager.swift; sourceTree = "<group>"; };
		429123F01F5090B700103BE0 /* SessionStorageManager.swift */ = {isa = PBXFileReference; fileEncoding = 4; lastKnownFileType = sourcecode.swift; path = SessionStorageManager.swift; sourceTree = "<group>"; };
		429123FA1F5226F700103BE0 /* VSP005_ExhaustInfoManagerTests.swift */ = {isa = PBXFileReference; fileEncoding = 4; lastKnownFileType = sourcecode.swift; path = VSP005_ExhaustInfoManagerTests.swift; sourceTree = "<group>"; };
		429123FE1F52289300103BE0 /* VSP006_KeyStorageManagerTests.swift */ = {isa = PBXFileReference; fileEncoding = 4; lastKnownFileType = sourcecode.swift; path = VSP006_KeyStorageManagerTests.swift; sourceTree = "<group>"; };
		429623E71F13BD3600284665 /* Fingerprint.swift */ = {isa = PBXFileReference; fileEncoding = 4; lastKnownFileType = sourcecode.swift; path = Fingerprint.swift; sourceTree = "<group>"; };
		429624181F15038900284665 /* VSP003_FingerprintTests.m */ = {isa = PBXFileReference; fileEncoding = 4; lastKnownFileType = sourcecode.c.objc; path = VSP003_FingerprintTests.m; sourceTree = "<group>"; };
		42E37B7C1F235AA100D2097F /* SecureChat+MessageType.swift */ = {isa = PBXFileReference; fileEncoding = 4; lastKnownFileType = sourcecode.swift; path = "SecureChat+MessageType.swift"; sourceTree = "<group>"; };
		42E37B7E1F235AD500D2097F /* SecureChatErrorCode.swift */ = {isa = PBXFileReference; fileEncoding = 4; lastKnownFileType = sourcecode.swift; path = SecureChatErrorCode.swift; sourceTree = "<group>"; };
/* End PBXFileReference section */

/* Begin PBXFrameworksBuildPhase section */
		420C52E61EEEC3B7005DD456 /* Frameworks */ = {
			isa = PBXFrameworksBuildPhase;
			buildActionMask = 2147483647;
			files = (
				420D0B1A1EEEC8F6002A9C22 /* VirgilCrypto.framework in Frameworks */,
				420D0B1B1EEEC8F6002A9C22 /* VirgilSDK.framework in Frameworks */,
			);
			runOnlyForDeploymentPostprocessing = 0;
		};
		420D15101EF3FB10002A9C22 /* Frameworks */ = {
			isa = PBXFrameworksBuildPhase;
			buildActionMask = 2147483647;
			files = (
				420D15261EF40B92002A9C22 /* VirgilCrypto.framework in Frameworks */,
				420D15271EF40B92002A9C22 /* VirgilSDK.framework in Frameworks */,
				420D15181EF3FB10002A9C22 /* VirgilSDKPFS.framework in Frameworks */,
			);
			runOnlyForDeploymentPostprocessing = 0;
		};
		424A01FB1F3463CE00D17D0C /* Frameworks */ = {
			isa = PBXFrameworksBuildPhase;
			buildActionMask = 2147483647;
			files = (
				424A02391F34664600D17D0C /* VirgilSDKPFS.framework in Frameworks */,
				424A022E1F34658F00D17D0C /* VirgilCrypto.framework in Frameworks */,
				424A022F1F34658F00D17D0C /* VirgilSDK.framework in Frameworks */,
			);
			runOnlyForDeploymentPostprocessing = 0;
		};
		424A02161F34642A00D17D0C /* Frameworks */ = {
			isa = PBXFrameworksBuildPhase;
			buildActionMask = 2147483647;
			files = (
				424A02331F3465A500D17D0C /* VirgilSDKPFS.framework in Frameworks */,
				424A022C1F34654600D17D0C /* VirgilCrypto.framework in Frameworks */,
				424A022D1F34654600D17D0C /* VirgilSDK.framework in Frameworks */,
			);
			runOnlyForDeploymentPostprocessing = 0;
		};
/* End PBXFrameworksBuildPhase section */

/* Begin PBXGroup section */
		420C52E01EEEC3B7005DD456 = {
			isa = PBXGroup;
			children = (
				420C52EC1EEEC3B7005DD456 /* VirgilSDKPFS */,
				420D0B271EEEE4DC002A9C22 /* Source */,
				420D0B141EEEC70C002A9C22 /* Tests */,
				424A01FF1F3463CE00D17D0C /* TestApp */,
				424A021A1F34642A00D17D0C /* VirgilSDKPFSAppTests */,
				420C52EB1EEEC3B7005DD456 /* Products */,
				420D0B171EEEC8F6002A9C22 /* Frameworks */,
			);
			sourceTree = "<group>";
		};
		420C52EB1EEEC3B7005DD456 /* Products */ = {
			isa = PBXGroup;
			children = (
				420C52EA1EEEC3B7005DD456 /* VirgilSDKPFS.framework */,
				420D15131EF3FB10002A9C22 /* VirgilSDKPFS iOS Tests.xctest */,
				424A01FE1F3463CE00D17D0C /* TestApp.app */,
				424A02191F34642A00D17D0C /* VirgilSDKPFSAppTests.xctest */,
			);
			name = Products;
			sourceTree = "<group>";
		};
		420C52EC1EEEC3B7005DD456 /* VirgilSDKPFS */ = {
			isa = PBXGroup;
			children = (
				420C52EE1EEEC3B7005DD456 /* Info.plist */,
			);
			path = VirgilSDKPFS;
			sourceTree = "<group>";
		};
		420D0B141EEEC70C002A9C22 /* Tests */ = {
			isa = PBXGroup;
			children = (
				4291238A1F4C6A9900103BE0 /* Data */,
				420D151F1EF3FBD9002A9C22 /* VSPTestsConst.h */,
				420D15201EF3FBD9002A9C22 /* VSPTestsConst.m */,
				420D15291EF40F1B002A9C22 /* VSPTestUtils.h */,
				420D152A1EF40F24002A9C22 /* VSPTestUtils.m */,
				420D151E1EF3FBD9002A9C22 /* VSP001_ClientTests.m */,
				425A024C1EFBF91700D9BBEF /* VSP002_SecureChatTests.m */,
				429624181F15038900284665 /* VSP003_FingerprintTests.m */,
				429123E61F5068B200103BE0 /* VSP004_SessionStorageManagerTests.swift */,
				429123FA1F5226F700103BE0 /* VSP005_ExhaustInfoManagerTests.swift */,
				429123FE1F52289300103BE0 /* VSP006_KeyStorageManagerTests.swift */,
			);
			path = Tests;
			sourceTree = "<group>";
		};
		420D0B171EEEC8F6002A9C22 /* Frameworks */ = {
			isa = PBXGroup;
			children = (
				424A02301F34658F00D17D0C /* VirgilSDKPFS.framework */,
				420D0B181EEEC8F6002A9C22 /* VirgilCrypto.framework */,
				420D0B191EEEC8F6002A9C22 /* VirgilSDK.framework */,
			);
			name = Frameworks;
			sourceTree = "<group>";
		};
		420D0B271EEEE4DC002A9C22 /* Source */ = {
			isa = PBXGroup;
			children = (
				420D0B511EEFE050002A9C22 /* VirgilSDKPFS.h */,
				420D0B531EEFE0A8002A9C22 /* Client */,
				425A02321EF93B2800D9BBEF /* SecureChat */,
				422CBCB51F3B17CA003D6932 /* Utils */,
				429623E71F13BD3600284665 /* Fingerprint.swift */,
			);
			path = Source;
			sourceTree = "<group>";
		};
		420D0B531EEFE0A8002A9C22 /* Client */ = {
			isa = PBXGroup;
			children = (
				420D0B7F1EF0082A002A9C22 /* Networking */,
				420D0B541EEFE0BD002A9C22 /* Models */,
				420D14E31EF28B33002A9C22 /* Client.swift */,
				425E08291EF8077E00A74C29 /* Client+CreatingCards.swift */,
				425E082F1EF8248500A74C29 /* Client+Info.swift */,
				425E082B1EF8081800A74C29 /* Client+GetCredentials.swift */,
				425A025A1F0504BB00D9BBEF /* Client+Validation.swift */,
				420D14F41EF2C6A0002A9C22 /* ServiceConfig.swift */,
				420D14F61EF2CF6A002A9C22 /* EphemeralCardValidator.swift */,
			);
			path = Client;
			sourceTree = "<group>";
		};
		420D0B541EEFE0BD002A9C22 /* Models */ = {
			isa = PBXGroup;
			children = (
				420D0B841EF008D6002A9C22 /* Errors */,
				420D0B661EEFE3E6002A9C22 /* Protocols */,
				420D0B571EEFE271002A9C22 /* Requests */,
				420D0B561EEFE268002A9C22 /* Responses */,
				425E082D1EF8231900A74C29 /* RecipientCardsSet.swift */,
				425E08311EF824E300A74C29 /* CardsStatus.swift */,
			);
			path = Models;
			sourceTree = "<group>";
		};
		420D0B561EEFE268002A9C22 /* Responses */ = {
			isa = PBXGroup;
			children = (
				420D0B6F1EEFEC71002A9C22 /* BootstrapCardsResponse.swift */,
				420D0B731EEFEE74002A9C22 /* CreateLtcResponse.swift */,
				420D0B771EEFEEFF002A9C22 /* UploadOtcResponse.swift */,
				420D0B791EEFEF77002A9C22 /* OtcCountResponse.swift */,
				420D0B7B1EEFF068002A9C22 /* CredentialsResponse.swift */,
				425A02601F05057D00D9BBEF /* ValidateOTCResponse.swift */,
			);
			path = Responses;
			sourceTree = "<group>";
		};
		420D0B571EEFE271002A9C22 /* Requests */ = {
			isa = PBXGroup;
			children = (
				420D14FD1EF2DB6C002A9C22 /* VSPCreateEphemeralCardRequest.h */,
				420D14FE1EF2DB6C002A9C22 /* VSPCreateEphemeralCardRequest.m */,
				420D0B581EEFE29A002A9C22 /* BootstrapCardsRequest.swift */,
				425E08331EF9255F00A74C29 /* CredentialsRequest.swift */,
				425A025C1F05053600D9BBEF /* ValidateOTCRequest.swift */,
			);
			path = Requests;
			sourceTree = "<group>";
		};
		420D0B661EEFE3E6002A9C22 /* Protocols */ = {
			isa = PBXGroup;
			children = (
				420D0B6B1EEFE3F5002A9C22 /* Deserializable.swift */,
				420D0B6D1EEFE4BB002A9C22 /* Serializable.swift */,
			);
			path = Protocols;
			sourceTree = "<group>";
		};
		420D0B7F1EF0082A002A9C22 /* Networking */ = {
			isa = PBXGroup;
			children = (
				420D0B801EF0082A002A9C22 /* Requests */,
			);
			path = Networking;
			sourceTree = "<group>";
		};
		420D0B801EF0082A002A9C22 /* Requests */ = {
			isa = PBXGroup;
			children = (
				420D0B811EF0084C002A9C22 /* PFS */,
			);
			path = Requests;
			sourceTree = "<group>";
		};
		420D0B811EF0084C002A9C22 /* PFS */ = {
			isa = PBXGroup;
			children = (
				420D0B821EF0086D002A9C22 /* PFSBaseHTTPRequest.swift */,
				420D0B8C1EF00F4D002A9C22 /* BootstrapCardsHTTPRequest.swift */,
				420D14E71EF29BC2002A9C22 /* CreateLtcHTTPRequest.swift */,
				420D14E91EF29C87002A9C22 /* UploadOtcHTTPRequest.swift */,
				420D14EB1EF29CEB002A9C22 /* OtcCountHTTPRequest.swift */,
				420D14ED1EF29D4E002A9C22 /* CredentialsHTTPRequest.swift */,
				425A025E1F05055D00D9BBEF /* ValidateOTCHTTPRequest.swift */,
			);
			path = PFS;
			sourceTree = "<group>";
		};
		420D0B841EF008D6002A9C22 /* Errors */ = {
			isa = PBXGroup;
			children = (
				420D0B851EF008E4002A9C22 /* PFSError.swift */,
			);
			path = Errors;
			sourceTree = "<group>";
		};
		422CBCB51F3B17CA003D6932 /* Utils */ = {
			isa = PBXGroup;
			children = (
				429123DE1F4DAA7F00103BE0 /* Log.swift */,
				422CBCBA1F3B3547003D6932 /* AsyncOperation.swift */,
				422CBCB61F3B17D3003D6932 /* Mutex.swift */,
				429123A81F4CE96000103BE0 /* Dictionary+Pairs.swift */,
				429123E21F4DD3EE00103BE0 /* Sequence+Split.swift */,
			);
			path = Utils;
			sourceTree = "<group>";
		};
		424A01FF1F3463CE00D17D0C /* TestApp */ = {
			isa = PBXGroup;
			children = (
				424A02031F3463CE00D17D0C /* AppDelegate.h */,
				424A02041F3463CE00D17D0C /* AppDelegate.m */,
				424A02061F3463CE00D17D0C /* ViewController.h */,
				424A02071F3463CE00D17D0C /* ViewController.m */,
				424A02091F3463CE00D17D0C /* Main.storyboard */,
				424A020C1F3463CE00D17D0C /* Assets.xcassets */,
				424A020E1F3463CE00D17D0C /* LaunchScreen.storyboard */,
				424A02111F3463CE00D17D0C /* Info.plist */,
				424A02001F3463CE00D17D0C /* Supporting Files */,
			);
			path = TestApp;
			sourceTree = "<group>";
		};
		424A02001F3463CE00D17D0C /* Supporting Files */ = {
			isa = PBXGroup;
			children = (
				424A02011F3463CE00D17D0C /* main.m */,
			);
			name = "Supporting Files";
			sourceTree = "<group>";
		};
		424A021A1F34642A00D17D0C /* VirgilSDKPFSAppTests */ = {
			isa = PBXGroup;
			children = (
				424A021B1F34642A00D17D0C /* VirgilSDKPFSAppTests.m */,
				424A021D1F34642A00D17D0C /* Info.plist */,
			);
			path = VirgilSDKPFSAppTests;
			sourceTree = "<group>";
		};
		425A02321EF93B2800D9BBEF /* SecureChat */ = {
			isa = PBXGroup;
			children = (
				429123B61F4D7C2C00103BE0 /* DataStorage */,
				429123BB1F4D7C2C00103BE0 /* KeyStorage */,
				429123C41F4D7C2C00103BE0 /* SecureSession */,
				425A02391EF974B600D9BBEF /* Models */,
				429123ED1F5090B700103BE0 /* EphemeralCardsReplenisher.swift */,
				429123EE1F5090B700103BE0 /* ExhaustInfoManager.swift */,
				429123EF1F5090B700103BE0 /* KeyStorageManager.swift */,
				429123F01F5090B700103BE0 /* SessionStorageManager.swift */,
				425A02331EF93B3900D9BBEF /* SecureChatPreferences.swift */,
				425A02371EF9416C00D9BBEF /* SecureChat.swift */,
				42E37B7C1F235AA100D2097F /* SecureChat+MessageType.swift */,
				42E37B7E1F235AD500D2097F /* SecureChatErrorCode.swift */,
				429123E01F4DAB6B00103BE0 /* KeysRotator.swift */,
			);
			path = SecureChat;
			sourceTree = "<group>";
		};
		425A02391EF974B600D9BBEF /* Models */ = {
			isa = PBXGroup;
			children = (
				425A023A1EF974DD00D9BBEF /* InitiationMessage.swift */,
				425A02581EFD17A600D9BBEF /* SessionState.swift */,
				425A024A1EFBF10F00D9BBEF /* Message.swift */,
				429123A21F4CE0AE00103BE0 /* OtcExhaustInfo.swift */,
				429123EB1F507DF500103BE0 /* CardEntry.swift */,
			);
			path = Models;
			sourceTree = "<group>";
		};
		4291238A1F4C6A9900103BE0 /* Data */ = {
			isa = PBXGroup;
			children = (
				4291238D1F4C6A9900103BE0 /* TestConfig.plist */,
			);
			path = Data;
			sourceTree = "<group>";
		};
		429123B61F4D7C2C00103BE0 /* DataStorage */ = {
			isa = PBXGroup;
			children = (
				429123B71F4D7C2C00103BE0 /* InsensitiveDataStorage.swift */,
				429123B91F4D7C2C00103BE0 /* UserDefaultsDataStorage.swift */,
			);
			path = DataStorage;
			sourceTree = "<group>";
		};
		429123BB1F4D7C2C00103BE0 /* KeyStorage */ = {
			isa = PBXGroup;
			children = (
				429123BC1F4D7C2C00103BE0 /* KeychainKeyStorage.swift */,
				429123BD1F4D7C2C00103BE0 /* KeyEntry.swift */,
				429123DA1F4D7C3E00103BE0 /* KeyAttrs.swift */,
				429123BE1F4D7C2C00103BE0 /* KeyStorage.swift */,
			);
			path = KeyStorage;
			sourceTree = "<group>";
		};
		429123C41F4D7C2C00103BE0 /* SecureSession */ = {
			isa = PBXGroup;
			children = (
				429123C51F4D7C2C00103BE0 /* SecureSession.swift */,
				429123C71F4D7C2C00103BE0 /* SecureSessionErrorCode.swift */,
				429123E41F4F9BE800103BE0 /* SessionInitializer.swift */,
				429123E91F50776E00103BE0 /* SesssionManager.swift */,
			);
			path = SecureSession;
			sourceTree = "<group>";
		};
/* End PBXGroup section */

/* Begin PBXHeadersBuildPhase section */
		420C52E71EEEC3B7005DD456 /* Headers */ = {
			isa = PBXHeadersBuildPhase;
			buildActionMask = 2147483647;
			files = (
				420D14FF1EF2DB6C002A9C22 /* VSPCreateEphemeralCardRequest.h in Headers */,
				420D0B521EEFE050002A9C22 /* VirgilSDKPFS.h in Headers */,
			);
			runOnlyForDeploymentPostprocessing = 0;
		};
/* End PBXHeadersBuildPhase section */

/* Begin PBXNativeTarget section */
		420C52E91EEEC3B7005DD456 /* VirgilSDKPFS iOS */ = {
			isa = PBXNativeTarget;
			buildConfigurationList = 420C52FE1EEEC3B8005DD456 /* Build configuration list for PBXNativeTarget "VirgilSDKPFS iOS" */;
			buildPhases = (
				420C52E51EEEC3B7005DD456 /* Sources */,
				420C52E61EEEC3B7005DD456 /* Frameworks */,
				420C52E71EEEC3B7005DD456 /* Headers */,
				420C52E81EEEC3B7005DD456 /* Resources */,
			);
			buildRules = (
			);
			dependencies = (
			);
			name = "VirgilSDKPFS iOS";
			productName = VirgilSDKPFS;
			productReference = 420C52EA1EEEC3B7005DD456 /* VirgilSDKPFS.framework */;
			productType = "com.apple.product-type.framework";
		};
		420D15121EF3FB10002A9C22 /* VirgilSDKPFS iOS Tests */ = {
			isa = PBXNativeTarget;
			buildConfigurationList = 420D151B1EF3FB10002A9C22 /* Build configuration list for PBXNativeTarget "VirgilSDKPFS iOS Tests" */;
			buildPhases = (
				420D150F1EF3FB10002A9C22 /* Sources */,
				420D15101EF3FB10002A9C22 /* Frameworks */,
				420D15111EF3FB10002A9C22 /* Resources */,
				420D15281EF40B9F002A9C22 /* ShellScript */,
			);
			buildRules = (
			);
			dependencies = (
				420D151A1EF3FB10002A9C22 /* PBXTargetDependency */,
			);
			name = "VirgilSDKPFS iOS Tests";
			productName = "VirgilSDKPFS iOS Tests";
			productReference = 420D15131EF3FB10002A9C22 /* VirgilSDKPFS iOS Tests.xctest */;
			productType = "com.apple.product-type.bundle.unit-test";
		};
		424A01FD1F3463CE00D17D0C /* TestApp */ = {
			isa = PBXNativeTarget;
			buildConfigurationList = 424A02141F3463CE00D17D0C /* Build configuration list for PBXNativeTarget "TestApp" */;
			buildPhases = (
				424A01FA1F3463CE00D17D0C /* Sources */,
				424A01FB1F3463CE00D17D0C /* Frameworks */,
				424A01FC1F3463CE00D17D0C /* Resources */,
				424A02341F3465AD00D17D0C /* ShellScript */,
				424A02351F34662100D17D0C /* CopyFiles */,
			);
			buildRules = (
			);
			dependencies = (
				424A02381F34663F00D17D0C /* PBXTargetDependency */,
			);
			name = TestApp;
			productName = TestApp;
			productReference = 424A01FE1F3463CE00D17D0C /* TestApp.app */;
			productType = "com.apple.product-type.application";
		};
		424A02181F34642A00D17D0C /* VirgilSDKPFSAppTests */ = {
			isa = PBXNativeTarget;
			buildConfigurationList = 424A02211F34642A00D17D0C /* Build configuration list for PBXNativeTarget "VirgilSDKPFSAppTests" */;
			buildPhases = (
				424A02151F34642A00D17D0C /* Sources */,
				424A02161F34642A00D17D0C /* Frameworks */,
				424A02171F34642A00D17D0C /* Resources */,
			);
			buildRules = (
			);
			dependencies = (
				424A02201F34642A00D17D0C /* PBXTargetDependency */,
				424A02251F34642E00D17D0C /* PBXTargetDependency */,
			);
			name = VirgilSDKPFSAppTests;
			productName = VirgilSDKPFSAppTests;
			productReference = 424A02191F34642A00D17D0C /* VirgilSDKPFSAppTests.xctest */;
			productType = "com.apple.product-type.bundle.unit-test";
		};
/* End PBXNativeTarget section */

/* Begin PBXProject section */
		420C52E11EEEC3B7005DD456 /* Project object */ = {
			isa = PBXProject;
			attributes = {
				LastSwiftUpdateCheck = 0830;
				LastUpgradeCheck = 0830;
				ORGANIZATIONNAME = VirgilSecurity;
				TargetAttributes = {
					420C52E91EEEC3B7005DD456 = {
						CreatedOnToolsVersion = 8.3.3;
						LastSwiftMigration = 0830;
						ProvisioningStyle = Automatic;
					};
					420D15121EF3FB10002A9C22 = {
						CreatedOnToolsVersion = 8.3.3;
						ProvisioningStyle = Automatic;
					};
					424A01FD1F3463CE00D17D0C = {
						CreatedOnToolsVersion = 8.3.3;
						DevelopmentTeam = A59V7K656Y;
						ProvisioningStyle = Automatic;
					};
					424A02181F34642A00D17D0C = {
						CreatedOnToolsVersion = 8.3.3;
						DevelopmentTeam = A59V7K656Y;
						ProvisioningStyle = Automatic;
						TestTargetID = 424A01FD1F3463CE00D17D0C;
					};
				};
			};
			buildConfigurationList = 420C52E41EEEC3B7005DD456 /* Build configuration list for PBXProject "VirgilSDKPFS" */;
			compatibilityVersion = "Xcode 3.2";
			developmentRegion = English;
			hasScannedForEncodings = 0;
			knownRegions = (
				en,
				Base,
			);
			mainGroup = 420C52E01EEEC3B7005DD456;
			productRefGroup = 420C52EB1EEEC3B7005DD456 /* Products */;
			projectDirPath = "";
			projectRoot = "";
			targets = (
				420C52E91EEEC3B7005DD456 /* VirgilSDKPFS iOS */,
				420D15121EF3FB10002A9C22 /* VirgilSDKPFS iOS Tests */,
				424A01FD1F3463CE00D17D0C /* TestApp */,
				424A02181F34642A00D17D0C /* VirgilSDKPFSAppTests */,
			);
		};
/* End PBXProject section */

/* Begin PBXResourcesBuildPhase section */
		420C52E81EEEC3B7005DD456 /* Resources */ = {
			isa = PBXResourcesBuildPhase;
			buildActionMask = 2147483647;
			files = (
			);
			runOnlyForDeploymentPostprocessing = 0;
		};
		420D15111EF3FB10002A9C22 /* Resources */ = {
			isa = PBXResourcesBuildPhase;
			buildActionMask = 2147483647;
			files = (
				429123931F4C6D5800103BE0 /* TestConfig.plist in Resources */,
			);
			runOnlyForDeploymentPostprocessing = 0;
		};
		424A01FC1F3463CE00D17D0C /* Resources */ = {
			isa = PBXResourcesBuildPhase;
			buildActionMask = 2147483647;
			files = (
				424A02101F3463CE00D17D0C /* LaunchScreen.storyboard in Resources */,
				424A020D1F3463CE00D17D0C /* Assets.xcassets in Resources */,
				424A020B1F3463CE00D17D0C /* Main.storyboard in Resources */,
			);
			runOnlyForDeploymentPostprocessing = 0;
		};
		424A02171F34642A00D17D0C /* Resources */ = {
			isa = PBXResourcesBuildPhase;
			buildActionMask = 2147483647;
			files = (
			);
			runOnlyForDeploymentPostprocessing = 0;
		};
/* End PBXResourcesBuildPhase section */

/* Begin PBXShellScriptBuildPhase section */
		420D15281EF40B9F002A9C22 /* ShellScript */ = {
			isa = PBXShellScriptBuildPhase;
			buildActionMask = 2147483647;
			files = (
			);
			inputPaths = (
				"$(SRCROOT)/Carthage/Build/iOS/VirgilCrypto.framework",
				"$(SRCROOT)/Carthage/Build/iOS/VirgilSDK.framework",
			);
			outputPaths = (
			);
			runOnlyForDeploymentPostprocessing = 0;
			shellPath = /bin/sh;
			shellScript = "/usr/local/bin/carthage copy-frameworks";
		};
		424A02341F3465AD00D17D0C /* ShellScript */ = {
			isa = PBXShellScriptBuildPhase;
			buildActionMask = 2147483647;
			files = (
			);
			inputPaths = (
				"$(SRCROOT)/Carthage/Build/iOS/VirgilSDK.framework",
				"$(SRCROOT)/Carthage/Build/iOS/VirgilCrypto.framework",
			);
			outputPaths = (
			);
			runOnlyForDeploymentPostprocessing = 0;
			shellPath = /bin/sh;
			shellScript = "/usr/local/bin/carthage copy-frameworks";
		};
/* End PBXShellScriptBuildPhase section */

/* Begin PBXSourcesBuildPhase section */
		420C52E51EEEC3B7005DD456 /* Sources */ = {
			isa = PBXSourcesBuildPhase;
			buildActionMask = 2147483647;
			files = (
				425A02591EFD17A600D9BBEF /* SessionState.swift in Sources */,
				420D0B741EEFEE74002A9C22 /* CreateLtcResponse.swift in Sources */,
				420D15001EF2DB6C002A9C22 /* VSPCreateEphemeralCardRequest.m in Sources */,
				429123F31F5090B700103BE0 /* KeyStorageManager.swift in Sources */,
				420D14EE1EF29D4E002A9C22 /* CredentialsHTTPRequest.swift in Sources */,
				420D0B6E1EEFE4BB002A9C22 /* Serializable.swift in Sources */,
				429123CC1F4D7C2C00103BE0 /* UserDefaultsDataStorage.swift in Sources */,
				425E08301EF8248500A74C29 /* Client+Info.swift in Sources */,
				429123E51F4F9BE800103BE0 /* SessionInitializer.swift in Sources */,
				429123CF1F4D7C2C00103BE0 /* KeyEntry.swift in Sources */,
				429123A31F4CE0AE00103BE0 /* OtcExhaustInfo.swift in Sources */,
				429123F41F5090B700103BE0 /* SessionStorageManager.swift in Sources */,
				420D0B8D1EF00F4D002A9C22 /* BootstrapCardsHTTPRequest.swift in Sources */,
				425A025B1F0504BB00D9BBEF /* Client+Validation.swift in Sources */,
				420D0B701EEFEC71002A9C22 /* BootstrapCardsResponse.swift in Sources */,
				420D0B7C1EEFF068002A9C22 /* CredentialsResponse.swift in Sources */,
				425E082C1EF8081800A74C29 /* Client+GetCredentials.swift in Sources */,
				425A025F1F05055D00D9BBEF /* ValidateOTCHTTPRequest.swift in Sources */,
				420D14EA1EF29C87002A9C22 /* UploadOtcHTTPRequest.swift in Sources */,
				425A023B1EF974DD00D9BBEF /* InitiationMessage.swift in Sources */,
				425A02381EF9416C00D9BBEF /* SecureChat.swift in Sources */,
				425E082E1EF8231900A74C29 /* RecipientCardsSet.swift in Sources */,
				425E08321EF824E300A74C29 /* CardsStatus.swift in Sources */,
				429123CE1F4D7C2C00103BE0 /* KeychainKeyStorage.swift in Sources */,
				429123A91F4CE96000103BE0 /* Dictionary+Pairs.swift in Sources */,
				425A02611F05057D00D9BBEF /* ValidateOTCResponse.swift in Sources */,
				420D14E81EF29BC2002A9C22 /* CreateLtcHTTPRequest.swift in Sources */,
				420D0B861EF008E4002A9C22 /* PFSError.swift in Sources */,
				429123D71F4D7C2C00103BE0 /* SecureSessionErrorCode.swift in Sources */,
				420D14F51EF2C6A0002A9C22 /* ServiceConfig.swift in Sources */,
				420D14EC1EF29CEB002A9C22 /* OtcCountHTTPRequest.swift in Sources */,
				429123D51F4D7C2C00103BE0 /* SecureSession.swift in Sources */,
				425A025D1F05053600D9BBEF /* ValidateOTCRequest.swift in Sources */,
				420D0B831EF0086D002A9C22 /* PFSBaseHTTPRequest.swift in Sources */,
				42E37B7F1F235AD500D2097F /* SecureChatErrorCode.swift in Sources */,
				429623E81F13BD3600284665 /* Fingerprint.swift in Sources */,
				429123F21F5090B700103BE0 /* ExhaustInfoManager.swift in Sources */,
				429123DB1F4D7C3E00103BE0 /* KeyAttrs.swift in Sources */,
				42E37B7D1F235AA100D2097F /* SecureChat+MessageType.swift in Sources */,
				429123E31F4DD3EE00103BE0 /* Sequence+Split.swift in Sources */,
				429123E11F4DAB6B00103BE0 /* KeysRotator.swift in Sources */,
				425E082A1EF8077E00A74C29 /* Client+CreatingCards.swift in Sources */,
				422CBCBB1F3B3547003D6932 /* AsyncOperation.swift in Sources */,
				420D0B591EEFE29A002A9C22 /* BootstrapCardsRequest.swift in Sources */,
				429123EA1F50776E00103BE0 /* SesssionManager.swift in Sources */,
				420D14E41EF28B33002A9C22 /* Client.swift in Sources */,
				429123EC1F507DF500103BE0 /* CardEntry.swift in Sources */,
				425A024B1EFBF10F00D9BBEF /* Message.swift in Sources */,
				420D14F71EF2CF6A002A9C22 /* EphemeralCardValidator.swift in Sources */,
				425E08341EF9255F00A74C29 /* CredentialsRequest.swift in Sources */,
				429123D01F4D7C2C00103BE0 /* KeyStorage.swift in Sources */,
				420D0B781EEFEEFF002A9C22 /* UploadOtcResponse.swift in Sources */,
				429123CA1F4D7C2C00103BE0 /* InsensitiveDataStorage.swift in Sources */,
				429123DF1F4DAA7F00103BE0 /* Log.swift in Sources */,
				429123F11F5090B700103BE0 /* EphemeralCardsReplenisher.swift in Sources */,
				422CBCB71F3B17D3003D6932 /* Mutex.swift in Sources */,
				420D0B6C1EEFE3F5002A9C22 /* Deserializable.swift in Sources */,
				420D0B7A1EEFEF77002A9C22 /* OtcCountResponse.swift in Sources */,
				425A02341EF93B3900D9BBEF /* SecureChatPreferences.swift in Sources */,
			);
			runOnlyForDeploymentPostprocessing = 0;
		};
		420D150F1EF3FB10002A9C22 /* Sources */ = {
			isa = PBXSourcesBuildPhase;
			buildActionMask = 2147483647;
			files = (
				429124001F5228A200103BE0 /* VSP006_KeyStorageManagerTests.swift in Sources */,
				429123FC1F5226FB00103BE0 /* VSP005_ExhaustInfoManagerTests.swift in Sources */,
				420D152C1EF40F4F002A9C22 /* VSPTestUtils.m in Sources */,
				429123E81F5068C500103BE0 /* VSP004_SessionStorageManagerTests.swift in Sources */,
				425A024E1EFBF91A00D9BBEF /* VSP002_SecureChatTests.m in Sources */,
				420D15251EF3FBEE002A9C22 /* VSPTestsConst.m in Sources */,
				420D15241EF3FBE8002A9C22 /* VSP001_ClientTests.m in Sources */,
				4296241A1F1503A500284665 /* VSP003_FingerprintTests.m in Sources */,
			);
			runOnlyForDeploymentPostprocessing = 0;
		};
		424A01FA1F3463CE00D17D0C /* Sources */ = {
			isa = PBXSourcesBuildPhase;
			buildActionMask = 2147483647;
			files = (
				424A02081F3463CE00D17D0C /* ViewController.m in Sources */,
				424A02051F3463CE00D17D0C /* AppDelegate.m in Sources */,
				424A02021F3463CE00D17D0C /* main.m in Sources */,
			);
			runOnlyForDeploymentPostprocessing = 0;
		};
		424A02151F34642A00D17D0C /* Sources */ = {
			isa = PBXSourcesBuildPhase;
			buildActionMask = 2147483647;
			files = (
				429124011F5228A300103BE0 /* VSP006_KeyStorageManagerTests.swift in Sources */,
				429123FD1F5226FC00103BE0 /* VSP005_ExhaustInfoManagerTests.swift in Sources */,
				424A021C1F34642A00D17D0C /* VirgilSDKPFSAppTests.m in Sources */,
				424A02291F34643600D17D0C /* VSP002_SecureChatTests.m in Sources */,
				429123F51F521F2C00103BE0 /* VSP004_SessionStorageManagerTests.swift in Sources */,
				424A02261F34643600D17D0C /* VSPTestsConst.m in Sources */,
				424A02281F34643600D17D0C /* VSP001_ClientTests.m in Sources */,
				424A022A1F34643600D17D0C /* VSP003_FingerprintTests.m in Sources */,
				424A02271F34643600D17D0C /* VSPTestUtils.m in Sources */,
			);
			runOnlyForDeploymentPostprocessing = 0;
		};
/* End PBXSourcesBuildPhase section */

/* Begin PBXTargetDependency section */
		420D151A1EF3FB10002A9C22 /* PBXTargetDependency */ = {
			isa = PBXTargetDependency;
			target = 420C52E91EEEC3B7005DD456 /* VirgilSDKPFS iOS */;
			targetProxy = 420D15191EF3FB10002A9C22 /* PBXContainerItemProxy */;
		};
		424A02201F34642A00D17D0C /* PBXTargetDependency */ = {
			isa = PBXTargetDependency;
			target = 420C52E91EEEC3B7005DD456 /* VirgilSDKPFS iOS */;
			targetProxy = 424A021F1F34642A00D17D0C /* PBXContainerItemProxy */;
		};
		424A02251F34642E00D17D0C /* PBXTargetDependency */ = {
			isa = PBXTargetDependency;
			target = 424A01FD1F3463CE00D17D0C /* TestApp */;
			targetProxy = 424A02241F34642E00D17D0C /* PBXContainerItemProxy */;
		};
		424A02381F34663F00D17D0C /* PBXTargetDependency */ = {
			isa = PBXTargetDependency;
			target = 420C52E91EEEC3B7005DD456 /* VirgilSDKPFS iOS */;
			targetProxy = 424A02371F34663F00D17D0C /* PBXContainerItemProxy */;
		};
/* End PBXTargetDependency section */

/* Begin PBXVariantGroup section */
		424A02091F3463CE00D17D0C /* Main.storyboard */ = {
			isa = PBXVariantGroup;
			children = (
				424A020A1F3463CE00D17D0C /* Base */,
			);
			name = Main.storyboard;
			sourceTree = "<group>";
		};
		424A020E1F3463CE00D17D0C /* LaunchScreen.storyboard */ = {
			isa = PBXVariantGroup;
			children = (
				424A020F1F3463CE00D17D0C /* Base */,
			);
			name = LaunchScreen.storyboard;
			sourceTree = "<group>";
		};
/* End PBXVariantGroup section */

/* Begin XCBuildConfiguration section */
		420C52FC1EEEC3B8005DD456 /* Debug */ = {
			isa = XCBuildConfiguration;
			buildSettings = {
				ALWAYS_SEARCH_USER_PATHS = NO;
				CLANG_ANALYZER_NONNULL = YES;
				CLANG_ANALYZER_NUMBER_OBJECT_CONVERSION = YES_AGGRESSIVE;
				CLANG_CXX_LANGUAGE_STANDARD = "gnu++0x";
				CLANG_CXX_LIBRARY = "libc++";
				CLANG_ENABLE_MODULES = YES;
				CLANG_ENABLE_OBJC_ARC = YES;
				CLANG_WARN_BOOL_CONVERSION = YES;
				CLANG_WARN_CONSTANT_CONVERSION = YES;
				CLANG_WARN_DIRECT_OBJC_ISA_USAGE = YES_ERROR;
				CLANG_WARN_DOCUMENTATION_COMMENTS = YES;
				CLANG_WARN_EMPTY_BODY = YES;
				CLANG_WARN_ENUM_CONVERSION = YES;
				CLANG_WARN_INFINITE_RECURSION = YES;
				CLANG_WARN_INT_CONVERSION = YES;
				CLANG_WARN_OBJC_ROOT_CLASS = YES_ERROR;
				CLANG_WARN_SUSPICIOUS_MOVE = YES;
				CLANG_WARN_UNREACHABLE_CODE = YES;
				CLANG_WARN__DUPLICATE_METHOD_MATCH = YES;
				"CODE_SIGN_IDENTITY[sdk=iphoneos*]" = "iPhone Developer";
				COPY_PHASE_STRIP = NO;
				CURRENT_PROJECT_VERSION = 1;
				DEBUG_INFORMATION_FORMAT = dwarf;
				ENABLE_STRICT_OBJC_MSGSEND = YES;
				ENABLE_TESTABILITY = YES;
				GCC_C_LANGUAGE_STANDARD = gnu99;
				GCC_DYNAMIC_NO_PIC = NO;
				GCC_NO_COMMON_BLOCKS = YES;
				GCC_OPTIMIZATION_LEVEL = 0;
				GCC_PREPROCESSOR_DEFINITIONS = (
					"DEBUG=1",
					"$(inherited)",
				);
				GCC_WARN_64_TO_32_BIT_CONVERSION = YES;
				GCC_WARN_ABOUT_RETURN_TYPE = YES_ERROR;
				GCC_WARN_UNDECLARED_SELECTOR = YES;
				GCC_WARN_UNINITIALIZED_AUTOS = YES_AGGRESSIVE;
				GCC_WARN_UNUSED_FUNCTION = YES;
				GCC_WARN_UNUSED_VARIABLE = YES;
				IPHONEOS_DEPLOYMENT_TARGET = 8.0;
				MTL_ENABLE_DEBUG_INFO = YES;
				ONLY_ACTIVE_ARCH = YES;
				SDKROOT = iphoneos;
				SWIFT_ACTIVE_COMPILATION_CONDITIONS = DEBUG;
				SWIFT_OPTIMIZATION_LEVEL = "-Onone";
				TARGETED_DEVICE_FAMILY = "1,2";
				VERSIONING_SYSTEM = "apple-generic";
				VERSION_INFO_PREFIX = "";
			};
			name = Debug;
		};
		420C52FD1EEEC3B8005DD456 /* Release */ = {
			isa = XCBuildConfiguration;
			buildSettings = {
				ALWAYS_SEARCH_USER_PATHS = NO;
				CLANG_ANALYZER_NONNULL = YES;
				CLANG_ANALYZER_NUMBER_OBJECT_CONVERSION = YES_AGGRESSIVE;
				CLANG_CXX_LANGUAGE_STANDARD = "gnu++0x";
				CLANG_CXX_LIBRARY = "libc++";
				CLANG_ENABLE_MODULES = YES;
				CLANG_ENABLE_OBJC_ARC = YES;
				CLANG_WARN_BOOL_CONVERSION = YES;
				CLANG_WARN_CONSTANT_CONVERSION = YES;
				CLANG_WARN_DIRECT_OBJC_ISA_USAGE = YES_ERROR;
				CLANG_WARN_DOCUMENTATION_COMMENTS = YES;
				CLANG_WARN_EMPTY_BODY = YES;
				CLANG_WARN_ENUM_CONVERSION = YES;
				CLANG_WARN_INFINITE_RECURSION = YES;
				CLANG_WARN_INT_CONVERSION = YES;
				CLANG_WARN_OBJC_ROOT_CLASS = YES_ERROR;
				CLANG_WARN_SUSPICIOUS_MOVE = YES;
				CLANG_WARN_UNREACHABLE_CODE = YES;
				CLANG_WARN__DUPLICATE_METHOD_MATCH = YES;
				"CODE_SIGN_IDENTITY[sdk=iphoneos*]" = "iPhone Developer";
				COPY_PHASE_STRIP = NO;
				CURRENT_PROJECT_VERSION = 1;
				DEBUG_INFORMATION_FORMAT = "dwarf-with-dsym";
				ENABLE_NS_ASSERTIONS = NO;
				ENABLE_STRICT_OBJC_MSGSEND = YES;
				GCC_C_LANGUAGE_STANDARD = gnu99;
				GCC_NO_COMMON_BLOCKS = YES;
				GCC_WARN_64_TO_32_BIT_CONVERSION = YES;
				GCC_WARN_ABOUT_RETURN_TYPE = YES_ERROR;
				GCC_WARN_UNDECLARED_SELECTOR = YES;
				GCC_WARN_UNINITIALIZED_AUTOS = YES_AGGRESSIVE;
				GCC_WARN_UNUSED_FUNCTION = YES;
				GCC_WARN_UNUSED_VARIABLE = YES;
				IPHONEOS_DEPLOYMENT_TARGET = 8.0;
				MTL_ENABLE_DEBUG_INFO = NO;
				SDKROOT = iphoneos;
				SWIFT_OPTIMIZATION_LEVEL = "-Owholemodule";
				TARGETED_DEVICE_FAMILY = "1,2";
				VALIDATE_PRODUCT = YES;
				VERSIONING_SYSTEM = "apple-generic";
				VERSION_INFO_PREFIX = "";
			};
			name = Release;
		};
		420C52FF1EEEC3B8005DD456 /* Debug */ = {
			isa = XCBuildConfiguration;
			buildSettings = {
				CLANG_ENABLE_MODULES = YES;
				CODE_SIGN_IDENTITY = "";
				DEFINES_MODULE = YES;
				DYLIB_COMPATIBILITY_VERSION = 1;
				DYLIB_CURRENT_VERSION = 1;
				DYLIB_INSTALL_NAME_BASE = "@rpath";
				FRAMEWORK_SEARCH_PATHS = (
					"$(inherited)",
					"$(PROJECT_DIR)/Carthage/Build/iOS",
				);
				INFOPLIST_FILE = VirgilSDKPFS/Info.plist;
				INSTALL_PATH = "$(LOCAL_LIBRARY_DIR)/Frameworks";
				LD_RUNPATH_SEARCH_PATHS = "$(inherited) @executable_path/Frameworks @loader_path/Frameworks";
				PRODUCT_BUNDLE_IDENTIFIER = com.virgilsecurity.VirgilSDKPFS;
				PRODUCT_NAME = VirgilSDKPFS;
				SKIP_INSTALL = YES;
				SWIFT_OPTIMIZATION_LEVEL = "-Onone";
				SWIFT_VERSION = 3.0;
			};
			name = Debug;
		};
		420C53001EEEC3B8005DD456 /* Release */ = {
			isa = XCBuildConfiguration;
			buildSettings = {
				CLANG_ENABLE_MODULES = YES;
				CODE_SIGN_IDENTITY = "";
				DEFINES_MODULE = YES;
				DYLIB_COMPATIBILITY_VERSION = 1;
				DYLIB_CURRENT_VERSION = 1;
				DYLIB_INSTALL_NAME_BASE = "@rpath";
				FRAMEWORK_SEARCH_PATHS = (
					"$(inherited)",
					"$(PROJECT_DIR)/Carthage/Build/iOS",
				);
				INFOPLIST_FILE = VirgilSDKPFS/Info.plist;
				INSTALL_PATH = "$(LOCAL_LIBRARY_DIR)/Frameworks";
				LD_RUNPATH_SEARCH_PATHS = "$(inherited) @executable_path/Frameworks @loader_path/Frameworks";
				PRODUCT_BUNDLE_IDENTIFIER = com.virgilsecurity.VirgilSDKPFS;
				PRODUCT_NAME = VirgilSDKPFS;
				SKIP_INSTALL = YES;
				SWIFT_VERSION = 3.0;
			};
			name = Release;
		};
		420D151C1EF3FB10002A9C22 /* Debug */ = {
			isa = XCBuildConfiguration;
			buildSettings = {
				ALWAYS_EMBED_SWIFT_STANDARD_LIBRARIES = YES;
				FRAMEWORK_SEARCH_PATHS = (
					"$(inherited)",
					"$(PROJECT_DIR)/Carthage/Build/iOS",
				);
				GCC_PREPROCESSOR_DEFINITIONS = (
					"DEBUG=1",
					"$(inherited)",
					"APPLICATION_PRIVATE_KEY_PASSWORD=$(APPLICATION_PRIVATE_KEY_PASSWORD)",
					"APPLICATION_PRIVATE_KEY_BASE64=$(APPLICATION_PRIVATE_KEY_BASE64)",
					"APPLICATION_IDENTITY_TYPE=$(APPLICATION_IDENTITY_TYPE)",
					"APPLICATION_ID=$(APPLICATION_ID)",
					"CARDS_SERVICE_RO_URL=$(CARDS_SERVICE_RO_URL)",
					"APPLICATION_TOKEN=$(APPLICATION_TOKEN)",
					"REGISTRATION_AUTHORITY_URL=$(REGISTRATION_AUTHORITY_URL)",
					"PFS_URL=$(PFS_URL)",
					"CARDS_SERVICE_URL=$(CARDS_SERVICE_URL)",
				);
				IPHONEOS_DEPLOYMENT_TARGET = 10.3;
				LD_RUNPATH_SEARCH_PATHS = "$(inherited) @executable_path/Frameworks @loader_path/Frameworks";
				PRODUCT_BUNDLE_IDENTIFIER = "com.virgilsecurity.VirgilSDKPFS-iOS-Tests";
				PRODUCT_NAME = "$(TARGET_NAME)";
				SWIFT_VERSION = 3.0;
			};
			name = Debug;
		};
		420D151D1EF3FB10002A9C22 /* Release */ = {
			isa = XCBuildConfiguration;
			buildSettings = {
				ALWAYS_EMBED_SWIFT_STANDARD_LIBRARIES = YES;
				FRAMEWORK_SEARCH_PATHS = (
					"$(inherited)",
					"$(PROJECT_DIR)/Carthage/Build/iOS",
				);
				GCC_PREPROCESSOR_DEFINITIONS = (
					"APPLICATION_PRIVATE_KEY_BASE64=$(APPLICATION_PRIVATE_KEY_BASE64)",
					"APPLICATION_IDENTITY_TYPE=$(APPLICATION_IDENTITY_TYPE)",
					"APPLICATION_ID=$(APPLICATION_ID)",
					"APPLICATION_TOKEN=$(APPLICATION_TOKEN)",
					"APPLICATION_PRIVATE_KEY_PASSWORD=$(APPLICATION_PRIVATE_KEY_PASSWORD)",
					"PFS_URL=$(PFS_URL)",
					"CARDS_SERVICE_URL=$(CARDS_SERVICE_URL)",
					"CARDS_SERVICE_RO_URL=$(CARDS_SERVICE_RO_URL)",
					"REGISTRATION_AUTHORITY_URL=$(REGISTRATION_AUTHORITY_URL)",
				);
				IPHONEOS_DEPLOYMENT_TARGET = 10.3;
				LD_RUNPATH_SEARCH_PATHS = "$(inherited) @executable_path/Frameworks @loader_path/Frameworks";
				PRODUCT_BUNDLE_IDENTIFIER = "com.virgilsecurity.VirgilSDKPFS-iOS-Tests";
				PRODUCT_NAME = "$(TARGET_NAME)";
				SWIFT_VERSION = 3.0;
			};
			name = Release;
		};
		424A02121F3463CE00D17D0C /* Debug */ = {
			isa = XCBuildConfiguration;
			buildSettings = {
				ALWAYS_EMBED_SWIFT_STANDARD_LIBRARIES = YES;
				ASSETCATALOG_COMPILER_APPICON_NAME = AppIcon;
				DEVELOPMENT_TEAM = A59V7K656Y;
				FRAMEWORK_SEARCH_PATHS = (
					"$(inherited)",
					"$(PROJECT_DIR)/Carthage/Build/iOS",
				);
				INFOPLIST_FILE = TestApp/Info.plist;
				IPHONEOS_DEPLOYMENT_TARGET = 10.3;
				LD_RUNPATH_SEARCH_PATHS = "$(inherited) @executable_path/Frameworks";
				PRODUCT_BUNDLE_IDENTIFIER = com.virgilsecurity.TestApp;
				PRODUCT_NAME = "$(TARGET_NAME)";
			};
			name = Debug;
		};
		424A02131F3463CE00D17D0C /* Release */ = {
			isa = XCBuildConfiguration;
			buildSettings = {
				ALWAYS_EMBED_SWIFT_STANDARD_LIBRARIES = YES;
				ASSETCATALOG_COMPILER_APPICON_NAME = AppIcon;
				DEVELOPMENT_TEAM = A59V7K656Y;
				FRAMEWORK_SEARCH_PATHS = (
					"$(inherited)",
					"$(PROJECT_DIR)/Carthage/Build/iOS",
				);
				INFOPLIST_FILE = TestApp/Info.plist;
				IPHONEOS_DEPLOYMENT_TARGET = 10.3;
				LD_RUNPATH_SEARCH_PATHS = "$(inherited) @executable_path/Frameworks";
				PRODUCT_BUNDLE_IDENTIFIER = com.virgilsecurity.TestApp;
				PRODUCT_NAME = "$(TARGET_NAME)";
			};
			name = Release;
		};
		424A02221F34642A00D17D0C /* Debug */ = {
			isa = XCBuildConfiguration;
			buildSettings = {
				ALWAYS_EMBED_SWIFT_STANDARD_LIBRARIES = YES;
				DEVELOPMENT_TEAM = A59V7K656Y;
				FRAMEWORK_SEARCH_PATHS = (
					"$(inherited)",
					"$(PROJECT_DIR)/Carthage/Build/iOS",
				);
				INFOPLIST_FILE = VirgilSDKPFSAppTests/Info.plist;
				IPHONEOS_DEPLOYMENT_TARGET = 10.3;
				LD_RUNPATH_SEARCH_PATHS = "$(inherited) @executable_path/Frameworks @loader_path/Frameworks";
				PRODUCT_BUNDLE_IDENTIFIER = com.virgilsecurity.VirgilSDKPFSAppTests;
				PRODUCT_NAME = "$(TARGET_NAME)";
				SWIFT_VERSION = 3.0;
				TEST_HOST = "$(BUILT_PRODUCTS_DIR)/TestApp.app/TestApp";
			};
			name = Debug;
		};
		424A02231F34642A00D17D0C /* Release */ = {
			isa = XCBuildConfiguration;
			buildSettings = {
				ALWAYS_EMBED_SWIFT_STANDARD_LIBRARIES = YES;
				DEVELOPMENT_TEAM = A59V7K656Y;
				FRAMEWORK_SEARCH_PATHS = (
					"$(inherited)",
					"$(PROJECT_DIR)/Carthage/Build/iOS",
				);
				INFOPLIST_FILE = VirgilSDKPFSAppTests/Info.plist;
				IPHONEOS_DEPLOYMENT_TARGET = 10.3;
				LD_RUNPATH_SEARCH_PATHS = "$(inherited) @executable_path/Frameworks @loader_path/Frameworks";
				PRODUCT_BUNDLE_IDENTIFIER = com.virgilsecurity.VirgilSDKPFSAppTests;
				PRODUCT_NAME = "$(TARGET_NAME)";
				SWIFT_VERSION = 3.0;
				TEST_HOST = "$(BUILT_PRODUCTS_DIR)/TestApp.app/TestApp";
			};
			name = Release;
		};
/* End XCBuildConfiguration section */

/* Begin XCConfigurationList section */
		420C52E41EEEC3B7005DD456 /* Build configuration list for PBXProject "VirgilSDKPFS" */ = {
			isa = XCConfigurationList;
			buildConfigurations = (
				420C52FC1EEEC3B8005DD456 /* Debug */,
				420C52FD1EEEC3B8005DD456 /* Release */,
			);
			defaultConfigurationIsVisible = 0;
			defaultConfigurationName = Release;
		};
		420C52FE1EEEC3B8005DD456 /* Build configuration list for PBXNativeTarget "VirgilSDKPFS iOS" */ = {
			isa = XCConfigurationList;
			buildConfigurations = (
				420C52FF1EEEC3B8005DD456 /* Debug */,
				420C53001EEEC3B8005DD456 /* Release */,
			);
			defaultConfigurationIsVisible = 0;
			defaultConfigurationName = Release;
		};
		420D151B1EF3FB10002A9C22 /* Build configuration list for PBXNativeTarget "VirgilSDKPFS iOS Tests" */ = {
			isa = XCConfigurationList;
			buildConfigurations = (
				420D151C1EF3FB10002A9C22 /* Debug */,
				420D151D1EF3FB10002A9C22 /* Release */,
			);
			defaultConfigurationIsVisible = 0;
			defaultConfigurationName = Release;
		};
		424A02141F3463CE00D17D0C /* Build configuration list for PBXNativeTarget "TestApp" */ = {
			isa = XCConfigurationList;
			buildConfigurations = (
				424A02121F3463CE00D17D0C /* Debug */,
				424A02131F3463CE00D17D0C /* Release */,
			);
			defaultConfigurationIsVisible = 0;
			defaultConfigurationName = Release;
		};
		424A02211F34642A00D17D0C /* Build configuration list for PBXNativeTarget "VirgilSDKPFSAppTests" */ = {
			isa = XCConfigurationList;
			buildConfigurations = (
				424A02221F34642A00D17D0C /* Debug */,
				424A02231F34642A00D17D0C /* Release */,
			);
			defaultConfigurationIsVisible = 0;
			defaultConfigurationName = Release;
		};
/* End XCConfigurationList section */
	};
	rootObject = 420C52E11EEEC3B7005DD456 /* Project object */;
}
